github.com/google/go-cmp v0.6.0 h1:ofyhxvXcZhMsU5ulbFiLKl/XBFqE1GSq7atu8tAmTRI=
github.com/google/go-cmp v0.6.0/go.mod h1:17dUlkBOakJ0+DkrSSNjCkIjxS6bF9zb3elmeNGIjoY=
github.com/shoenig/go-conceal v0.5.6 h1:K2j8Ql6U4YrBxCRaNF/AnuYaeG8dmf2HcApc7nEdmpk=
github.com/shoenig/go-conceal v0.5.6/go.mod h1:rP6ts7GI3lTWQu0gZBWN/aLR1YrdqvrAZbT8cxzxd2A=
github.com/shoenig/lang v0.0.7 h1:0F7/U1ria0edQPYf0e4zX+hJ2Wxo4UPss2fydWkqvCw=
github.com/shoenig/lang v0.0.7/go.mod h1:DStvcG5yPYr/xBBcTEaousm+Pqjn9ozAKfyqWwfhj34=
github.com/shoenig/test v1.12.2 h1:ZVT8NeIUwGWpZcKaepPmFMoNQ3sVpxvqUh/MAqwFiJI=
github.com/shoenig/test v1.12.2/go.mod h1:UxJ6u/x2v/TNs/LoLxBNJRV9DiwBBKYxXSyczsBHFoI=
